
Microsoft Visual Studio Solution File, Format Version 12.00
# Visual Studio Version 17
VisualStudioVersion = 17.0.31903.59
MinimumVisualStudioVersion = 10.0.40219.1
Project("{FAE04EC0-301F-11D3-BF4B-00C04F79EFBC}") = "ProductAPI", "ProductAPI\ProductAPI.csproj", "{611E789A-1EBD-4E49-9582-593E182433C1}"
EndProject
Project("{2150E333-8FDC-42A3-9474-1A3956D46DE8}") = "tests", "tests", "{0AB3BF05-4346-4AA6-1389-037BE0695223}"
EndProject
Project("{FAE04EC0-301F-11D3-BF4B-00C04F79EFBC}") = "ProductAPI.UnitTests", "tests\ProductAPI.UnitTests\ProductAPI.UnitTests.csproj", "{3E0789FB-6CF6-40D1-8F53-DF2212C95DEE}"
EndProject
Project("{FAE04EC0-301F-11D3-BF4B-00C04F79EFBC}") = "ProductAPI.IntegrationTests", "tests\ProductAPI.IntegrationTests\ProductAPI.IntegrationTests.csproj", "{FB23AAAF-4E53-4B87-983A-0B7ACBA5939C}"
EndProject
Global
	GlobalSection(SolutionConfigurationPlatforms) = preSolution
		Debug|Any CPU = Debug|Any CPU
		Debug|x64 = Debug|x64
		Debug|x86 = Debug|x86
		Release|Any CPU = Release|Any CPU
		Release|x64 = Release|x64
		Release|x86 = Release|x86
	EndGlobalSection
	GlobalSection(ProjectConfigurationPlatforms) = postSolution
		{611E789A-1EBD-4E49-9582-593E182433C1}.Debug|Any CPU.ActiveCfg = Debug|Any CPU
		{611E789A-1EBD-4E49-9582-593E182433C1}.Debug|Any CPU.Build.0 = Debug|Any CPU
		{611E789A-1EBD-4E49-9582-593E182433C1}.Debug|x64.ActiveCfg = Debug|Any CPU
		{611E789A-1EBD-4E49-9582-593E182433C1}.Debug|x64.Build.0 = Debug|Any CPU
		{611E789A-1EBD-4E49-9582-593E182433C1}.Debug|x86.ActiveCfg = Debug|Any CPU
		{611E789A-1EBD-4E49-9582-593E182433C1}.Debug|x86.Build.0 = Debug|Any CPU
		{611E789A-1EBD-4E49-9582-593E182433C1}.Release|Any CPU.ActiveCfg = Release|Any CPU
		{611E789A-1EBD-4E49-9582-593E182433C1}.Release|Any CPU.Build.0 = Release|Any CPU
		{611E789A-1EBD-4E49-9582-593E182433C1}.Release|x64.ActiveCfg = Release|Any CPU
		{611E789A-1EBD-4E49-9582-593E182433C1}.Release|x64.Build.0 = Release|Any CPU
		{611E789A-1EBD-4E49-9582-593E182433C1}.Release|x86.ActiveCfg = Release|Any CPU
		{611E789A-1EBD-4E49-9582-593E182433C1}.Release|x86.Build.0 = Release|Any CPU
		{3E0789FB-6CF6-40D1-8F53-DF2212C95DEE}.Debug|Any CPU.ActiveCfg = Debug|Any CPU
		{3E0789FB-6CF6-40D1-8F53-DF2212C95DEE}.Debug|Any CPU.Build.0 = Debug|Any CPU
		{3E0789FB-6CF6-40D1-8F53-DF2212C95DEE}.Debug|x64.ActiveCfg = Debug|Any CPU
		{3E0789FB-6CF6-40D1-8F53-DF2212C95DEE}.Debug|x64.Build.0 = Debug|Any CPU
		{3E0789FB-6CF6-40D1-8F53-DF2212C95DEE}.Debug|x86.ActiveCfg = Debug|Any CPU
		{3E0789FB-6CF6-40D1-8F53-DF2212C95DEE}.Debug|x86.Build.0 = Debug|Any CPU
		{3E0789FB-6CF6-40D1-8F53-DF2212C95DEE}.Release|Any CPU.ActiveCfg = Release|Any CPU
		{3E0789FB-6CF6-40D1-8F53-DF2212C95DEE}.Release|Any CPU.Build.0 = Release|Any CPU
		{3E0789FB-6CF6-40D1-8F53-DF2212C95DEE}.Release|x64.ActiveCfg = Release|Any CPU
		{3E0789FB-6CF6-40D1-8F53-DF2212C95DEE}.Release|x64.Build.0 = Release|Any CPU
		{3E0789FB-6CF6-40D1-8F53-DF2212C95DEE}.Release|x86.ActiveCfg = Release|Any CPU
		{3E0789FB-6CF6-40D1-8F53-DF2212C95DEE}.Release|x86.Build.0 = Release|Any CPU
		{FB23AAAF-4E53-4B87-983A-0B7ACBA5939C}.Debug|Any CPU.ActiveCfg = Debug|Any CPU
		{FB23AAAF-4E53-4B87-983A-0B7ACBA5939C}.Debug|Any CPU.Build.0 = Debug|Any CPU
		{FB23AAAF-4E53-4B87-983A-0B7ACBA5939C}.Debug|x64.ActiveCfg = Debug|Any CPU
		{FB23AAAF-4E53-4B87-983A-0B7ACBA5939C}.Debug|x64.Build.0 = Debug|Any CPU
		{FB23AAAF-4E53-4B87-983A-0B7ACBA5939C}.Debug|x86.ActiveCfg = Debug|Any CPU
		{FB23AAAF-4E53-4B87-983A-0B7ACBA5939C}.Debug|x86.Build.0 = Debug|Any CPU
		{FB23AAAF-4E53-4B87-983A-0B7ACBA5939C}.Release|Any CPU.ActiveCfg = Release|Any CPU
		{FB23AAAF-4E53-4B87-983A-0B7ACBA5939C}.Release|Any CPU.Build.0 = Release|Any CPU
		{FB23AAAF-4E53-4B87-983A-0B7ACBA5939C}.Release|x64.ActiveCfg = Release|Any CPU
		{FB23AAAF-4E53-4B87-983A-0B7ACBA5939C}.Release|x64.Build.0 = Release|Any CPU
		{FB23AAAF-4E53-4B87-983A-0B7ACBA5939C}.Release|x86.ActiveCfg = Release|Any CPU
		{FB23AAAF-4E53-4B87-983A-0B7ACBA5939C}.Release|x86.Build.0 = Release|Any CPU
	EndGlobalSection
	GlobalSection(SolutionProperties) = preSolution
		HideSolutionNode = FALSE
	EndGlobalSection
	GlobalSection(NestedProjects) = preSolution
		{3E0789FB-6CF6-40D1-8F53-DF2212C95DEE} = {0AB3BF05-4346-4AA6-1389-037BE0695223}
		{FB23AAAF-4E53-4B87-983A-0B7ACBA5939C} = {0AB3BF05-4346-4AA6-1389-037BE0695223}
	EndGlobalSection
EndGlobal
